
Microsoft Visual Studio Solution File, Format Version 12.00
# Visual Studio Version 17
VisualStudioVersion = 17.11.35118.90
MinimumVisualStudioVersion = 10.0.40219.1
Project("{FAE04EC0-301F-11D3-BF4B-00C04F79EFBC}") = "SwaggerUI", "SwaggerUI\SwaggerUI.csproj", "{45EEFF53-2B58-49E6-B068-2532BF9C1BDA}"
EndProject
Global
	GlobalSection(SolutionConfigurationPlatforms) = preSolution
		Debug|Any CPU = Debug|Any CPU
		Release|Any CPU = Release|Any CPU
	EndGlobalSection
	GlobalSection(ProjectConfigurationPlatforms) = postSolution
		{45EEFF53-2B58-49E6-B068-2532BF9C1BDA}.Debug|Any CPU.ActiveCfg = Debug|Any CPU
		{45EEFF53-2B58-49E6-B068-2532BF9C1BDA}.Debug|Any CPU.Build.0 = Debug|Any CPU
		{45EEFF53-2B58-49E6-B068-2532BF9C1BDA}.Release|Any CPU.ActiveCfg = Release|Any CPU
		{45EEFF53-2B58-49E6-B068-2532BF9C1BDA}.Release|Any CPU.Build.0 = Release|Any CPU
	EndGlobalSection
	GlobalSection(SolutionProperties) = preSolution
		HideSolutionNode = FALSE
	EndGlobalSection
	GlobalSection(ExtensibilityGlobals) = postSolution
		SolutionGuid = {409B6AA3-5050-478E-880E-8D51039004FB}
	EndGlobalSection
EndGlobal
